// !$*UTF8*$!
{
	archiveVersion = 1;
	classes = {
	};
	objectVersion = 56;
	objects = {

/* Begin PBXBuildFile section */
		393ADB5929805E9100ECC4E7 /* AppDelegate.swift in Sources */ = {isa = PBXBuildFile; fileRef = 393ADB5829805E9100ECC4E7 /* AppDelegate.swift */; };
		393ADB5B29805E9100ECC4E7 /* SceneDelegate.swift in Sources */ = {isa = PBXBuildFile; fileRef = 393ADB5A29805E9100ECC4E7 /* SceneDelegate.swift */; };
		393ADB6229805E9200ECC4E7 /* Assets.xcassets in Resources */ = {isa = PBXBuildFile; fileRef = 393ADB6129805E9200ECC4E7 /* Assets.xcassets */; };
		393ADB6529805E9200ECC4E7 /* LaunchScreen.storyboard in Resources */ = {isa = PBXBuildFile; fileRef = 393ADB6329805E9200ECC4E7 /* LaunchScreen.storyboard */; };
		393ADB6D298060AC00ECC4E7 /* MainViewController.swift in Sources */ = {isa = PBXBuildFile; fileRef = 393ADB6C298060AC00ECC4E7 /* MainViewController.swift */; };
		393ADB73298077E400ECC4E7 /* Form.swift in Sources */ = {isa = PBXBuildFile; fileRef = 393ADB72298077E400ECC4E7 /* Form.swift */; };
		393ADB832981ADB400ECC4E7 /* FormTextualTableViewCell.swift in Sources */ = {isa = PBXBuildFile; fileRef = 393ADB822981ADB400ECC4E7 /* FormTextualTableViewCell.swift */; };
		393ADB852981BB6B00ECC4E7 /* FormNumericTableViewCell.swift in Sources */ = {isa = PBXBuildFile; fileRef = 393ADB842981BB6B00ECC4E7 /* FormNumericTableViewCell.swift */; };
		393ADB872981BC4200ECC4E7 /* FormValuableTableViewCell.swift in Sources */ = {isa = PBXBuildFile; fileRef = 393ADB862981BC4200ECC4E7 /* FormValuableTableViewCell.swift */; };
		393ADB8A2981D33000ECC4E7 /* NetworkManager.swift in Sources */ = {isa = PBXBuildFile; fileRef = 393ADB892981D33000ECC4E7 /* NetworkManager.swift */; };
		3996ED3A2983262400020786 /* FormFieldType.swift in Sources */ = {isa = PBXBuildFile; fileRef = 3996ED392983262400020786 /* FormFieldType.swift */; };
		3996ED3D2984587800020786 /* TableViewFooter.swift in Sources */ = {isa = PBXBuildFile; fileRef = 3996ED3C2984587800020786 /* TableViewFooter.swift */; };
		3996ED3F29852BF000020786 /* ValueSelectionViewController.swift in Sources */ = {isa = PBXBuildFile; fileRef = 3996ED3E29852BF000020786 /* ValueSelectionViewController.swift */; };
		60DE4D99A106FCDBE2AF5849 /* Pods_ClvrtcTaskSeven.framework in Frameworks */ = {isa = PBXBuildFile; fileRef = A4A4F044A037473D2FD1728D /* Pods_ClvrtcTaskSeven.framework */; };
/* End PBXBuildFile section */

/* Begin PBXFileReference section */
		393ADB5529805E9100ECC4E7 /* ClvrtcTaskSeven.app */ = {isa = PBXFileReference; explicitFileType = wrapper.application; includeInIndex = 0; path = ClvrtcTaskSeven.app; sourceTree = BUILT_PRODUCTS_DIR; };
		393ADB5829805E9100ECC4E7 /* AppDelegate.swift */ = {isa = PBXFileReference; lastKnownFileType = sourcecode.swift; path = AppDelegate.swift; sourceTree = "<group>"; };
		393ADB5A29805E9100ECC4E7 /* SceneDelegate.swift */ = {isa = PBXFileReference; lastKnownFileType = sourcecode.swift; path = SceneDelegate.swift; sourceTree = "<group>"; };
		393ADB6129805E9200ECC4E7 /* Assets.xcassets */ = {isa = PBXFileReference; lastKnownFileType = folder.assetcatalog; path = Assets.xcassets; sourceTree = "<group>"; };
		393ADB6429805E9200ECC4E7 /* Base */ = {isa = PBXFileReference; lastKnownFileType = file.storyboard; name = Base; path = Base.lproj/LaunchScreen.storyboard; sourceTree = "<group>"; };
		393ADB6629805E9200ECC4E7 /* Info.plist */ = {isa = PBXFileReference; lastKnownFileType = text.plist.xml; path = Info.plist; sourceTree = "<group>"; };
		393ADB6C298060AC00ECC4E7 /* MainViewController.swift */ = {isa = PBXFileReference; lastKnownFileType = sourcecode.swift; path = MainViewController.swift; sourceTree = "<group>"; };
		393ADB72298077E400ECC4E7 /* Form.swift */ = {isa = PBXFileReference; lastKnownFileType = sourcecode.swift; path = Form.swift; sourceTree = "<group>"; };
		393ADB822981ADB400ECC4E7 /* FormTextualTableViewCell.swift */ = {isa = PBXFileReference; lastKnownFileType = sourcecode.swift; path = FormTextualTableViewCell.swift; sourceTree = "<group>"; };
		393ADB842981BB6B00ECC4E7 /* FormNumericTableViewCell.swift */ = {isa = PBXFileReference; lastKnownFileType = sourcecode.swift; path = FormNumericTableViewCell.swift; sourceTree = "<group>"; };
		393ADB862981BC4200ECC4E7 /* FormValuableTableViewCell.swift */ = {isa = PBXFileReference; lastKnownFileType = sourcecode.swift; path = FormValuableTableViewCell.swift; sourceTree = "<group>"; };
		393ADB892981D33000ECC4E7 /* NetworkManager.swift */ = {isa = PBXFileReference; lastKnownFileType = sourcecode.swift; path = NetworkManager.swift; sourceTree = "<group>"; };
		3996ED392983262400020786 /* FormFieldType.swift */ = {isa = PBXFileReference; lastKnownFileType = sourcecode.swift; path = FormFieldType.swift; sourceTree = "<group>"; };
		3996ED3C2984587800020786 /* TableViewFooter.swift */ = {isa = PBXFileReference; lastKnownFileType = sourcecode.swift; path = TableViewFooter.swift; sourceTree = "<group>"; };
		3996ED3E29852BF000020786 /* ValueSelectionViewController.swift */ = {isa = PBXFileReference; lastKnownFileType = sourcecode.swift; path = ValueSelectionViewController.swift; sourceTree = "<group>"; };
		56FF54CE8B1CA503DC61CD0A /* Pods-ClvrtcTaskSeven.release.xcconfig */ = {isa = PBXFileReference; includeInIndex = 1; lastKnownFileType = text.xcconfig; name = "Pods-ClvrtcTaskSeven.release.xcconfig"; path = "Target Support Files/Pods-ClvrtcTaskSeven/Pods-ClvrtcTaskSeven.release.xcconfig"; sourceTree = "<group>"; };
		74AAE5FDF858C4DFE207713F /* Pods-ClvrtcTaskSeven.debug.xcconfig */ = {isa = PBXFileReference; includeInIndex = 1; lastKnownFileType = text.xcconfig; name = "Pods-ClvrtcTaskSeven.debug.xcconfig"; path = "Target Support Files/Pods-ClvrtcTaskSeven/Pods-ClvrtcTaskSeven.debug.xcconfig"; sourceTree = "<group>"; };
		A4A4F044A037473D2FD1728D /* Pods_ClvrtcTaskSeven.framework */ = {isa = PBXFileReference; explicitFileType = wrapper.framework; includeInIndex = 0; path = Pods_ClvrtcTaskSeven.framework; sourceTree = BUILT_PRODUCTS_DIR; };
/* End PBXFileReference section */

/* Begin PBXFrameworksBuildPhase section */
		393ADB5229805E9100ECC4E7 /* Frameworks */ = {
			isa = PBXFrameworksBuildPhase;
			buildActionMask = 2147483647;
			files = (
				60DE4D99A106FCDBE2AF5849 /* Pods_ClvrtcTaskSeven.framework in Frameworks */,
			);
			runOnlyForDeploymentPostprocessing = 0;
		};
/* End PBXFrameworksBuildPhase section */

/* Begin PBXGroup section */
		02BB49B52CE848C11A032D19 /* Frameworks */ = {
			isa = PBXGroup;
			children = (
				A4A4F044A037473D2FD1728D /* Pods_ClvrtcTaskSeven.framework */,
			);
			name = Frameworks;
			sourceTree = "<group>";
		};
		393ADB4C29805E9100ECC4E7 = {
			isa = PBXGroup;
			children = (
				393ADB5729805E9100ECC4E7 /* ClvrtcTaskSeven */,
				393ADB5629805E9100ECC4E7 /* Products */,
				8FC0508D6B1193CFEC804F72 /* Pods */,
				02BB49B52CE848C11A032D19 /* Frameworks */,
			);
			sourceTree = "<group>";
		};
		393ADB5629805E9100ECC4E7 /* Products */ = {
			isa = PBXGroup;
			children = (
				393ADB5529805E9100ECC4E7 /* ClvrtcTaskSeven.app */,
			);
			name = Products;
			sourceTree = "<group>";
		};
		393ADB5729805E9100ECC4E7 /* ClvrtcTaskSeven */ = {
			isa = PBXGroup;
			children = (
				393ADB6E2980612500ECC4E7 /* Application */,
				393ADB882981D30D00ECC4E7 /* NetworkManager */,
				393ADB6F2980613400ECC4E7 /* Controllers */,
				393ADB712980773100ECC4E7 /* Models */,
				393ADB702980614200ECC4E7 /* Resources */,
			);
			path = ClvrtcTaskSeven;
			sourceTree = "<group>";
		};
		393ADB6E2980612500ECC4E7 /* Application */ = {
			isa = PBXGroup;
			children = (
				393ADB5829805E9100ECC4E7 /* AppDelegate.swift */,
				393ADB5A29805E9100ECC4E7 /* SceneDelegate.swift */,
			);
			path = Application;
			sourceTree = "<group>";
		};
		393ADB6F2980613400ECC4E7 /* Controllers */ = {
			isa = PBXGroup;
			children = (
				393ADB6C298060AC00ECC4E7 /* MainViewController.swift */,
				3996ED3E29852BF000020786 /* ValueSelectionViewController.swift */,
				393ADB812981AD5900ECC4E7 /* Cells */,
			);
			path = Controllers;
			sourceTree = "<group>";
		};
		393ADB702980614200ECC4E7 /* Resources */ = {
			isa = PBXGroup;
			children = (
				393ADB6129805E9200ECC4E7 /* Assets.xcassets */,
				393ADB6329805E9200ECC4E7 /* LaunchScreen.storyboard */,
				393ADB6629805E9200ECC4E7 /* Info.plist */,
			);
			path = Resources;
			sourceTree = "<group>";
		};
		393ADB712980773100ECC4E7 /* Models */ = {
			isa = PBXGroup;
			children = (
				393ADB72298077E400ECC4E7 /* Form.swift */,
			);
			path = Models;
			sourceTree = "<group>";
		};
		393ADB812981AD5900ECC4E7 /* Cells */ = {
			isa = PBXGroup;
			children = (
				393ADB822981ADB400ECC4E7 /* FormTextualTableViewCell.swift */,
				393ADB842981BB6B00ECC4E7 /* FormNumericTableViewCell.swift */,
				393ADB862981BC4200ECC4E7 /* FormValuableTableViewCell.swift */,
				3996ED392983262400020786 /* FormFieldType.swift */,
				3996ED3B2984581800020786 /* CellFooter */,
			);
			path = Cells;
			sourceTree = "<group>";
		};
		393ADB882981D30D00ECC4E7 /* NetworkManager */ = {
			isa = PBXGroup;
			children = (
				393ADB892981D33000ECC4E7 /* NetworkManager.swift */,
			);
			path = NetworkManager;
			sourceTree = "<group>";
		};
		3996ED3B2984581800020786 /* CellFooter */ = {
			isa = PBXGroup;
			children = (
				3996ED3C2984587800020786 /* TableViewFooter.swift */,
			);
			path = CellFooter;
			sourceTree = "<group>";
		};
		8FC0508D6B1193CFEC804F72 /* Pods */ = {
			isa = PBXGroup;
			children = (
				74AAE5FDF858C4DFE207713F /* Pods-ClvrtcTaskSeven.debug.xcconfig */,
				56FF54CE8B1CA503DC61CD0A /* Pods-ClvrtcTaskSeven.release.xcconfig */,
			);
			path = Pods;
			sourceTree = "<group>";
		};
/* End PBXGroup section */

/* Begin PBXNativeTarget section */
		393ADB5429805E9100ECC4E7 /* ClvrtcTaskSeven */ = {
			isa = PBXNativeTarget;
			buildConfigurationList = 393ADB6929805E9200ECC4E7 /* Build configuration list for PBXNativeTarget "ClvrtcTaskSeven" */;
			buildPhases = (
				34179E4211205D0FF5891170 /* [CP] Check Pods Manifest.lock */,
				393ADB5129805E9100ECC4E7 /* Sources */,
				393ADB5229805E9100ECC4E7 /* Frameworks */,
				393ADB5329805E9100ECC4E7 /* Resources */,
				4D22A6D30BC95582901F3913 /* [CP] Embed Pods Frameworks */,
			);
			buildRules = (
			);
			dependencies = (
			);
			name = ClvrtcTaskSeven;
			productName = ClvrtcTaskSeven;
			productReference = 393ADB5529805E9100ECC4E7 /* ClvrtcTaskSeven.app */;
			productType = "com.apple.product-type.application";
		};
/* End PBXNativeTarget section */

/* Begin PBXProject section */
		393ADB4D29805E9100ECC4E7 /* Project object */ = {
			isa = PBXProject;
			attributes = {
				BuildIndependentTargetsInParallel = 1;
				LastSwiftUpdateCheck = 1420;
				LastUpgradeCheck = 1420;
				TargetAttributes = {
					393ADB5429805E9100ECC4E7 = {
						CreatedOnToolsVersion = 14.2;
					};
				};
			};
			buildConfigurationList = 393ADB5029805E9100ECC4E7 /* Build configuration list for PBXProject "ClvrtcTaskSeven" */;
			compatibilityVersion = "Xcode 14.0";
			developmentRegion = en;
			hasScannedForEncodings = 0;
			knownRegions = (
				en,
				Base,
			);
			mainGroup = 393ADB4C29805E9100ECC4E7;
			productRefGroup = 393ADB5629805E9100ECC4E7 /* Products */;
			projectDirPath = "";
			projectRoot = "";
			targets = (
				393ADB5429805E9100ECC4E7 /* ClvrtcTaskSeven */,
			);
		};
/* End PBXProject section */

/* Begin PBXResourcesBuildPhase section */
		393ADB5329805E9100ECC4E7 /* Resources */ = {
			isa = PBXResourcesBuildPhase;
			buildActionMask = 2147483647;
			files = (
				393ADB6529805E9200ECC4E7 /* LaunchScreen.storyboard in Resources */,
				393ADB6229805E9200ECC4E7 /* Assets.xcassets in Resources */,
			);
			runOnlyForDeploymentPostprocessing = 0;
		};
/* End PBXResourcesBuildPhase section */

/* Begin PBXShellScriptBuildPhase section */
		34179E4211205D0FF5891170 /* [CP] Check Pods Manifest.lock */ = {
			isa = PBXShellScriptBuildPhase;
			buildActionMask = 2147483647;
			files = (
			);
			inputFileListPaths = (
			);
			inputPaths = (
				"${PODS_PODFILE_DIR_PATH}/Podfile.lock",
				"${PODS_ROOT}/Manifest.lock",
			);
			name = "[CP] Check Pods Manifest.lock";
			outputFileListPaths = (
			);
			outputPaths = (
				"$(DERIVED_FILE_DIR)/Pods-ClvrtcTaskSeven-checkManifestLockResult.txt",
			);
			runOnlyForDeploymentPostprocessing = 0;
			shellPath = /bin/sh;
			shellScript = "diff \"${PODS_PODFILE_DIR_PATH}/Podfile.lock\" \"${PODS_ROOT}/Manifest.lock\" > /dev/null\nif [ $? != 0 ] ; then\n    # print error to STDERR\n    echo \"error: The sandbox is not in sync with the Podfile.lock. Run 'pod install' or update your CocoaPods installation.\" >&2\n    exit 1\nfi\n# This output is used by Xcode 'outputs' to avoid re-running this script phase.\necho \"SUCCESS\" > \"${SCRIPT_OUTPUT_FILE_0}\"\n";
			showEnvVarsInLog = 0;
		};
		4D22A6D30BC95582901F3913 /* [CP] Embed Pods Frameworks */ = {
			isa = PBXShellScriptBuildPhase;
			buildActionMask = 2147483647;
			files = (
			);
			inputFileListPaths = (
				"${PODS_ROOT}/Target Support Files/Pods-ClvrtcTaskSeven/Pods-ClvrtcTaskSeven-frameworks-${CONFIGURATION}-input-files.xcfilelist",
			);
			name = "[CP] Embed Pods Frameworks";
			outputFileListPaths = (
				"${PODS_ROOT}/Target Support Files/Pods-ClvrtcTaskSeven/Pods-ClvrtcTaskSeven-frameworks-${CONFIGURATION}-output-files.xcfilelist",
			);
			runOnlyForDeploymentPostprocessing = 0;
			shellPath = /bin/sh;
			shellScript = "\"${PODS_ROOT}/Target Support Files/Pods-ClvrtcTaskSeven/Pods-ClvrtcTaskSeven-frameworks.sh\"\n";
			showEnvVarsInLog = 0;
		};
/* End PBXShellScriptBuildPhase section */

/* Begin PBXSourcesBuildPhase section */
		393ADB5129805E9100ECC4E7 /* Sources */ = {
			isa = PBXSourcesBuildPhase;
			buildActionMask = 2147483647;
			files = (
				393ADB8A2981D33000ECC4E7 /* NetworkManager.swift in Sources */,
				393ADB6D298060AC00ECC4E7 /* MainViewController.swift in Sources */,
				393ADB73298077E400ECC4E7 /* Form.swift in Sources */,
				393ADB5929805E9100ECC4E7 /* AppDelegate.swift in Sources */,
				3996ED3A2983262400020786 /* FormFieldType.swift in Sources */,
				393ADB5B29805E9100ECC4E7 /* SceneDelegate.swift in Sources */,
				3996ED3F29852BF000020786 /* ValueSelectionViewController.swift in Sources */,
				393ADB852981BB6B00ECC4E7 /* FormNumericTableViewCell.swift in Sources */,
				393ADB872981BC4200ECC4E7 /* FormValuableTableViewCell.swift in Sources */,
				3996ED3D2984587800020786 /* TableViewFooter.swift in Sources */,
				393ADB832981ADB400ECC4E7 /* FormTextualTableViewCell.swift in Sources */,
			);
			runOnlyForDeploymentPostprocessing = 0;
		};
/* End PBXSourcesBuildPhase section */

/* Begin PBXVariantGroup section */
		393ADB6329805E9200ECC4E7 /* LaunchScreen.storyboard */ = {
			isa = PBXVariantGroup;
			children = (
				393ADB6429805E9200ECC4E7 /* Base */,
			);
			name = LaunchScreen.storyboard;
			sourceTree = "<group>";
		};
/* End PBXVariantGroup section */

/* Begin XCBuildConfiguration section */
		393ADB6729805E9200ECC4E7 /* Debug */ = {
			isa = XCBuildConfiguration;
			buildSettings = {
				ALWAYS_SEARCH_USER_PATHS = NO;
				CLANG_ANALYZER_NONNULL = YES;
				CLANG_ANALYZER_NUMBER_OBJECT_CONVERSION = YES_AGGRESSIVE;
				CLANG_CXX_LANGUAGE_STANDARD = "gnu++20";
				CLANG_ENABLE_MODULES = YES;
				CLANG_ENABLE_OBJC_ARC = YES;
				CLANG_ENABLE_OBJC_WEAK = YES;
				CLANG_WARN_BLOCK_CAPTURE_AUTORELEASING = YES;
				CLANG_WARN_BOOL_CONVERSION = YES;
				CLANG_WARN_COMMA = YES;
				CLANG_WARN_CONSTANT_CONVERSION = YES;
				CLANG_WARN_DEPRECATED_OBJC_IMPLEMENTATIONS = YES;
				CLANG_WARN_DIRECT_OBJC_ISA_USAGE = YES_ERROR;
				CLANG_WARN_DOCUMENTATION_COMMENTS = YES;
				CLANG_WARN_EMPTY_BODY = YES;
				CLANG_WARN_ENUM_CONVERSION = YES;
				CLANG_WARN_INFINITE_RECURSION = YES;
				CLANG_WARN_INT_CONVERSION = YES;
				CLANG_WARN_NON_LITERAL_NULL_CONVERSION = YES;
				CLANG_WARN_OBJC_IMPLICIT_RETAIN_SELF = YES;
				CLANG_WARN_OBJC_LITERAL_CONVERSION = YES;
				CLANG_WARN_OBJC_ROOT_CLASS = YES_ERROR;
				CLANG_WARN_QUOTED_INCLUDE_IN_FRAMEWORK_HEADER = YES;
				CLANG_WARN_RANGE_LOOP_ANALYSIS = YES;
				CLANG_WARN_STRICT_PROTOTYPES = YES;
				CLANG_WARN_SUSPICIOUS_MOVE = YES;
				CLANG_WARN_UNGUARDED_AVAILABILITY = YES_AGGRESSIVE;
				CLANG_WARN_UNREACHABLE_CODE = YES;
				CLANG_WARN__DUPLICATE_METHOD_MATCH = YES;
				COPY_PHASE_STRIP = NO;
				DEBUG_INFORMATION_FORMAT = dwarf;
				ENABLE_STRICT_OBJC_MSGSEND = YES;
				ENABLE_TESTABILITY = YES;
				GCC_C_LANGUAGE_STANDARD = gnu11;
				GCC_DYNAMIC_NO_PIC = NO;
				GCC_NO_COMMON_BLOCKS = YES;
				GCC_OPTIMIZATION_LEVEL = 0;
				GCC_PREPROCESSOR_DEFINITIONS = (
					"DEBUG=1",
					"$(inherited)",
				);
				GCC_WARN_64_TO_32_BIT_CONVERSION = YES;
				GCC_WARN_ABOUT_RETURN_TYPE = YES_ERROR;
				GCC_WARN_UNDECLARED_SELECTOR = YES;
				GCC_WARN_UNINITIALIZED_AUTOS = YES_AGGRESSIVE;
				GCC_WARN_UNUSED_FUNCTION = YES;
				GCC_WARN_UNUSED_VARIABLE = YES;
				IPHONEOS_DEPLOYMENT_TARGET = 16.2;
				MTL_ENABLE_DEBUG_INFO = INCLUDE_SOURCE;
				MTL_FAST_MATH = YES;
				ONLY_ACTIVE_ARCH = YES;
				SDKROOT = iphoneos;
				SWIFT_ACTIVE_COMPILATION_CONDITIONS = DEBUG;
				SWIFT_OPTIMIZATION_LEVEL = "-Onone";
			};
			name = Debug;
		};
		393ADB6829805E9200ECC4E7 /* Release */ = {
			isa = XCBuildConfiguration;
			buildSettings = {
				ALWAYS_SEARCH_USER_PATHS = NO;
				CLANG_ANALYZER_NONNULL = YES;
				CLANG_ANALYZER_NUMBER_OBJECT_CONVERSION = YES_AGGRESSIVE;
				CLANG_CXX_LANGUAGE_STANDARD = "gnu++20";
				CLANG_ENABLE_MODULES = YES;
				CLANG_ENABLE_OBJC_ARC = YES;
				CLANG_ENABLE_OBJC_WEAK = YES;
				CLANG_WARN_BLOCK_CAPTURE_AUTORELEASING = YES;
				CLANG_WARN_BOOL_CONVERSION = YES;
				CLANG_WARN_COMMA = YES;
				CLANG_WARN_CONSTANT_CONVERSION = YES;
				CLANG_WARN_DEPRECATED_OBJC_IMPLEMENTATIONS = YES;
				CLANG_WARN_DIRECT_OBJC_ISA_USAGE = YES_ERROR;
				CLANG_WARN_DOCUMENTATION_COMMENTS = YES;
				CLANG_WARN_EMPTY_BODY = YES;
				CLANG_WARN_ENUM_CONVERSION = YES;
				CLANG_WARN_INFINITE_RECURSION = YES;
				CLANG_WARN_INT_CONVERSION = YES;
				CLANG_WARN_NON_LITERAL_NULL_CONVERSION = YES;
				CLANG_WARN_OBJC_IMPLICIT_RETAIN_SELF = YES;
				CLANG_WARN_OBJC_LITERAL_CONVERSION = YES;
				CLANG_WARN_OBJC_ROOT_CLASS = YES_ERROR;
				CLANG_WARN_QUOTED_INCLUDE_IN_FRAMEWORK_HEADER = YES;
				CLANG_WARN_RANGE_LOOP_ANALYSIS = YES;
				CLANG_WARN_STRICT_PROTOTYPES = YES;
				CLANG_WARN_SUSPICIOUS_MOVE = YES;
				CLANG_WARN_UNGUARDED_AVAILABILITY = YES_AGGRESSIVE;
				CLANG_WARN_UNREACHABLE_CODE = YES;
				CLANG_WARN__DUPLICATE_METHOD_MATCH = YES;
				COPY_PHASE_STRIP = NO;
				DEBUG_INFORMATION_FORMAT = "dwarf-with-dsym";
				ENABLE_NS_ASSERTIONS = NO;
				ENABLE_STRICT_OBJC_MSGSEND = YES;
				GCC_C_LANGUAGE_STANDARD = gnu11;
				GCC_NO_COMMON_BLOCKS = YES;
				GCC_WARN_64_TO_32_BIT_CONVERSION = YES;
				GCC_WARN_ABOUT_RETURN_TYPE = YES_ERROR;
				GCC_WARN_UNDECLARED_SELECTOR = YES;
				GCC_WARN_UNINITIALIZED_AUTOS = YES_AGGRESSIVE;
				GCC_WARN_UNUSED_FUNCTION = YES;
				GCC_WARN_UNUSED_VARIABLE = YES;
				IPHONEOS_DEPLOYMENT_TARGET = 16.2;
				MTL_ENABLE_DEBUG_INFO = NO;
				MTL_FAST_MATH = YES;
				SDKROOT = iphoneos;
				SWIFT_COMPILATION_MODE = wholemodule;
				SWIFT_OPTIMIZATION_LEVEL = "-O";
				VALIDATE_PRODUCT = YES;
			};
			name = Release;
		};
		393ADB6A29805E9200ECC4E7 /* Debug */ = {
			isa = XCBuildConfiguration;
			baseConfigurationReference = 74AAE5FDF858C4DFE207713F /* Pods-ClvrtcTaskSeven.debug.xcconfig */;
			buildSettings = {
				ASSETCATALOG_COMPILER_APPICON_NAME = AppIcon;
				ASSETCATALOG_COMPILER_GLOBAL_ACCENT_COLOR_NAME = AccentColor;
				CODE_SIGN_STYLE = Automatic;
				CURRENT_PROJECT_VERSION = 1;
				DEVELOPMENT_TEAM = XPQ67UU8AY;
				GENERATE_INFOPLIST_FILE = YES;
				INFOPLIST_FILE = ClvrtcTaskSeven/Resources/Info.plist;
				INFOPLIST_KEY_UIApplicationSupportsIndirectInputEvents = YES;
				INFOPLIST_KEY_UILaunchStoryboardName = LaunchScreen;
				INFOPLIST_KEY_UISupportedInterfaceOrientations_iPad = "UIInterfaceOrientationPortrait UIInterfaceOrientationPortraitUpsideDown UIInterfaceOrientationLandscapeLeft UIInterfaceOrientationLandscapeRight";
				INFOPLIST_KEY_UISupportedInterfaceOrientations_iPhone = "UIInterfaceOrientationPortrait UIInterfaceOrientationLandscapeLeft UIInterfaceOrientationLandscapeRight";
				LD_RUNPATH_SEARCH_PATHS = (
					"$(inherited)",
					"@executable_path/Frameworks",
				);
				MARKETING_VERSION = 1.0;
				PRODUCT_BUNDLE_IDENTIFIER = Clevertec.Beldeiko.ClvrtcTaskSeven;
				PRODUCT_NAME = "$(TARGET_NAME)";
				SWIFT_EMIT_LOC_STRINGS = YES;
				SWIFT_VERSION = 5.0;
				TARGETED_DEVICE_FAMILY = "1,2";
			};
			name = Debug;
		};
		393ADB6B29805E9200ECC4E7 /* Release */ = {
			isa = XCBuildConfiguration;
			baseConfigurationReference = 56FF54CE8B1CA503DC61CD0A /* Pods-ClvrtcTaskSeven.release.xcconfig */;
			buildSettings = {
				ASSETCATALOG_COMPILER_APPICON_NAME = AppIcon;
				ASSETCATALOG_COMPILER_GLOBAL_ACCENT_COLOR_NAME = AccentColor;
				CODE_SIGN_STYLE = Automatic;
				CURRENT_PROJECT_VERSION = 1;
				DEVELOPMENT_TEAM = XPQ67UU8AY;
				GENERATE_INFOPLIST_FILE = YES;
				INFOPLIST_FILE = ClvrtcTaskSeven/Resources/Info.plist;
				INFOPLIST_KEY_UIApplicationSupportsIndirectInputEvents = YES;
				INFOPLIST_KEY_UILaunchStoryboardName = LaunchScreen;
				INFOPLIST_KEY_UISupportedInterfaceOrientations_iPad = "UIInterfaceOrientationPortrait UIInterfaceOrientationPortraitUpsideDown UIInterfaceOrientationLandscapeLeft UIInterfaceOrientationLandscapeRight";
				INFOPLIST_KEY_UISupportedInterfaceOrientations_iPhone = "UIInterfaceOrientationPortrait UIInterfaceOrientationLandscapeLeft UIInterfaceOrientationLandscapeRight";
				LD_RUNPATH_SEARCH_PATHS = (
					"$(inherited)",
					"@executable_path/Frameworks",
				);
				MARKETING_VERSION = 1.0;
				PRODUCT_BUNDLE_IDENTIFIER = Clevertec.Beldeiko.ClvrtcTaskSeven;
				PRODUCT_NAME = "$(TARGET_NAME)";
				SWIFT_EMIT_LOC_STRINGS = YES;
				SWIFT_VERSION = 5.0;
				TARGETED_DEVICE_FAMILY = "1,2";
			};
			name = Release;
		};
/* End XCBuildConfiguration section */

/* Begin XCConfigurationList section */
		393ADB5029805E9100ECC4E7 /* Build configuration list for PBXProject "ClvrtcTaskSeven" */ = {
			isa = XCConfigurationList;
			buildConfigurations = (
				393ADB6729805E9200ECC4E7 /* Debug */,
				393ADB6829805E9200ECC4E7 /* Release */,
			);
			defaultConfigurationIsVisible = 0;
			defaultConfigurationName = Release;
		};
		393ADB6929805E9200ECC4E7 /* Build configuration list for PBXNativeTarget "ClvrtcTaskSeven" */ = {
			isa = XCConfigurationList;
			buildConfigurations = (
				393ADB6A29805E9200ECC4E7 /* Debug */,
				393ADB6B29805E9200ECC4E7 /* Release */,
			);
			defaultConfigurationIsVisible = 0;
			defaultConfigurationName = Release;
		};
/* End XCConfigurationList section */
	};
	rootObject = 393ADB4D29805E9100ECC4E7 /* Project object */;
}
